
Microsoft Visual Studio Solution File, Format Version 12.00
# Visual Studio 2013
VisualStudioVersion = 12.0.31101.0
MinimumVisualStudioVersion = 10.0.40219.1
Project("{FAE04EC0-301F-11D3-BF4B-00C04F79EFBC}") = "Gravatar.Destro.Net", "Gravatar.Destro.Net\Gravatar.Destro.Net.csproj", "{FEB7DCB9-B1A9-4C65-976D-3E313D5E0C4A}"
EndProject
Project("{FAE04EC0-301F-11D3-BF4B-00C04F79EFBC}") = "Gravatar.Destro.Net.Test", "Gravatar.Destro.Net.Test\Gravatar.Destro.Net.Test.csproj", "{0D082F9A-D8E0-45A1-BBB9-0ADF27B5909D}"
EndProject
Global
	GlobalSection(SolutionConfigurationPlatforms) = preSolution
		Debug|Any CPU = Debug|Any CPU
		Release|Any CPU = Release|Any CPU
	EndGlobalSection
	GlobalSection(ProjectConfigurationPlatforms) = postSolution
		{FEB7DCB9-B1A9-4C65-976D-3E313D5E0C4A}.Debug|Any CPU.ActiveCfg = Debug|Any CPU
		{FEB7DCB9-B1A9-4C65-976D-3E313D5E0C4A}.Debug|Any CPU.Build.0 = Debug|Any CPU
		{FEB7DCB9-B1A9-4C65-976D-3E313D5E0C4A}.Release|Any CPU.ActiveCfg = Release|Any CPU
		{FEB7DCB9-B1A9-4C65-976D-3E313D5E0C4A}.Release|Any CPU.Build.0 = Release|Any CPU
		{0D082F9A-D8E0-45A1-BBB9-0ADF27B5909D}.Debug|Any CPU.ActiveCfg = Debug|Any CPU
		{0D082F9A-D8E0-45A1-BBB9-0ADF27B5909D}.Debug|Any CPU.Build.0 = Debug|Any CPU
		{0D082F9A-D8E0-45A1-BBB9-0ADF27B5909D}.Release|Any CPU.ActiveCfg = Release|Any CPU
		{0D082F9A-D8E0-45A1-BBB9-0ADF27B5909D}.Release|Any CPU.Build.0 = Release|Any CPU
	EndGlobalSection
	GlobalSection(SolutionProperties) = preSolution
		HideSolutionNode = FALSE
	EndGlobalSection
EndGlobal
